
Microsoft Visual Studio Solution File, Format Version 12.00
# Visual Studio Version 17
VisualStudioVersion = 17.7.34024.191
MinimumVisualStudioVersion = 10.0.40219.1
Project("{9A19103F-16F7-4668-BE54-9A1E7A4F7556}") = "PolyCache", "PolyCache\PolyCache.csproj", "{E50A5712-42AF-4BFA-BD7B-29D5A51E0E6F}"
EndProject
Project("{9A19103F-16F7-4668-BE54-9A1E7A4F7556}") = "Sample", "Sample\Sample.csproj", "{ABADBAA8-CAE8-4696-A317-23286FBA4129}"
EndProject
Project("{2150E333-8FDC-42A3-9474-1A3956D46DE8}") = "Solution Items", "Solution Items", "{ACFAD219-CAF7-47C8-B3E8-B8692994FC80}"
	ProjectSection(SolutionItems) = preProject
		PolyCache.png = PolyCache.png
		redis-docker-compose.yml = redis-docker-compose.yml
	EndProjectSection
EndProject
Global
	GlobalSection(SolutionConfigurationPlatforms) = preSolution
		Debug|Any CPU = Debug|Any CPU
		Release|Any CPU = Release|Any CPU
	EndGlobalSection
	GlobalSection(ProjectConfigurationPlatforms) = postSolution
		{E50A5712-42AF-4BFA-BD7B-29D5A51E0E6F}.Debug|Any CPU.ActiveCfg = Debug|Any CPU
		{E50A5712-42AF-4BFA-BD7B-29D5A51E0E6F}.Debug|Any CPU.Build.0 = Debug|Any CPU
		{E50A5712-42AF-4BFA-BD7B-29D5A51E0E6F}.Release|Any CPU.ActiveCfg = Release|Any CPU
		{E50A5712-42AF-4BFA-BD7B-29D5A51E0E6F}.Release|Any CPU.Build.0 = Release|Any CPU
		{ABADBAA8-CAE8-4696-A317-23286FBA4129}.Debug|Any CPU.ActiveCfg = Debug|Any CPU
		{ABADBAA8-CAE8-4696-A317-23286FBA4129}.Debug|Any CPU.Build.0 = Debug|Any CPU
		{ABADBAA8-CAE8-4696-A317-23286FBA4129}.Release|Any CPU.ActiveCfg = Release|Any CPU
		{ABADBAA8-CAE8-4696-A317-23286FBA4129}.Release|Any CPU.Build.0 = Release|Any CPU
	EndGlobalSection
	GlobalSection(SolutionProperties) = preSolution
		HideSolutionNode = FALSE
	EndGlobalSection
	GlobalSection(ExtensibilityGlobals) = postSolution
		SolutionGuid = {2C416473-B91B-4A66-ABD3-E3A267194AC8}
	EndGlobalSection
EndGlobal
